
Microsoft Visual Studio Solution File, Format Version 12.00
# Visual Studio Version 17
VisualStudioVersion = 17.9.34723.18
MinimumVisualStudioVersion = 10.0.40219.1
Project("{9A19103F-16F7-4668-BE54-9A1E7A4F7556}") = "Core", "Core\Core.csproj", "{523339DF-0FD7-485B-9767-A7F2D9D218A1}"
EndProject
Project("{FAE04EC0-301F-11D3-BF4B-00C04F79EFBC}") = "Repository", "Repository\Repository.csproj", "{A9ECCB7A-033E-46AE-8DD5-FDBD3F262D5E}"
EndProject
Project("{FAE04EC0-301F-11D3-BF4B-00C04F79EFBC}") = "Service", "Service\Service.csproj", "{3F0E698F-C3C3-42DC-8D5C-14A47565C859}"
EndProject
Project("{FAE04EC0-301F-11D3-BF4B-00C04F79EFBC}") = "Api", "Api\Api.csproj", "{AE25331E-BD58-45C4-9F3A-22A9D5E7548D}"
EndProject
Global
	GlobalSection(SolutionConfigurationPlatforms) = preSolution
		Debug|Any CPU = Debug|Any CPU
		Release|Any CPU = Release|Any CPU
	EndGlobalSection
	GlobalSection(ProjectConfigurationPlatforms) = postSolution
		{523339DF-0FD7-485B-9767-A7F2D9D218A1}.Debug|Any CPU.ActiveCfg = Debug|Any CPU
		{523339DF-0FD7-485B-9767-A7F2D9D218A1}.Debug|Any CPU.Build.0 = Debug|Any CPU
		{523339DF-0FD7-485B-9767-A7F2D9D218A1}.Release|Any CPU.ActiveCfg = Release|Any CPU
		{523339DF-0FD7-485B-9767-A7F2D9D218A1}.Release|Any CPU.Build.0 = Release|Any CPU
		{A9ECCB7A-033E-46AE-8DD5-FDBD3F262D5E}.Debug|Any CPU.ActiveCfg = Debug|Any CPU
		{A9ECCB7A-033E-46AE-8DD5-FDBD3F262D5E}.Debug|Any CPU.Build.0 = Debug|Any CPU
		{A9ECCB7A-033E-46AE-8DD5-FDBD3F262D5E}.Release|Any CPU.ActiveCfg = Release|Any CPU
		{A9ECCB7A-033E-46AE-8DD5-FDBD3F262D5E}.Release|Any CPU.Build.0 = Release|Any CPU
		{3F0E698F-C3C3-42DC-8D5C-14A47565C859}.Debug|Any CPU.ActiveCfg = Debug|Any CPU
		{3F0E698F-C3C3-42DC-8D5C-14A47565C859}.Debug|Any CPU.Build.0 = Debug|Any CPU
		{3F0E698F-C3C3-42DC-8D5C-14A47565C859}.Release|Any CPU.ActiveCfg = Release|Any CPU
		{3F0E698F-C3C3-42DC-8D5C-14A47565C859}.Release|Any CPU.Build.0 = Release|Any CPU
		{AE25331E-BD58-45C4-9F3A-22A9D5E7548D}.Debug|Any CPU.ActiveCfg = Debug|Any CPU
		{AE25331E-BD58-45C4-9F3A-22A9D5E7548D}.Debug|Any CPU.Build.0 = Debug|Any CPU
		{AE25331E-BD58-45C4-9F3A-22A9D5E7548D}.Release|Any CPU.ActiveCfg = Release|Any CPU
		{AE25331E-BD58-45C4-9F3A-22A9D5E7548D}.Release|Any CPU.Build.0 = Release|Any CPU
	EndGlobalSection
	GlobalSection(SolutionProperties) = preSolution
		HideSolutionNode = FALSE
	EndGlobalSection
	GlobalSection(ExtensibilityGlobals) = postSolution
		SolutionGuid = {D9A71AC3-EFE6-4499-87C7-45F61D6B0DD5}
	EndGlobalSection
EndGlobal
